
Microsoft Visual Studio Solution File, Format Version 12.00
# Visual Studio 2013
VisualStudioVersion = 12.0.21005.1
MinimumVisualStudioVersion = 10.0.40219.1
Project("{FAE04EC0-301F-11D3-BF4B-00C04F79EFBC}") = "MVC", "MVC\MVC.csproj", "{29B991EF-9D7D-4BE4-BC59-6928D4D5CD68}"
EndProject
Project("{FAE04EC0-301F-11D3-BF4B-00C04F79EFBC}") = "MVC.Tests", "MVC.Tests\MVC.Tests.csproj", "{DE7F9F79-A76D-478E-A888-66FB6ABCC643}"
EndProject
Global
	GlobalSection(SolutionConfigurationPlatforms) = preSolution
		Debug|Any CPU = Debug|Any CPU
		Release|Any CPU = Release|Any CPU
	EndGlobalSection
	GlobalSection(ProjectConfigurationPlatforms) = postSolution
		{29B991EF-9D7D-4BE4-BC59-6928D4D5CD68}.Debug|Any CPU.ActiveCfg = Debug|Any CPU
		{29B991EF-9D7D-4BE4-BC59-6928D4D5CD68}.Debug|Any CPU.Build.0 = Debug|Any CPU
		{29B991EF-9D7D-4BE4-BC59-6928D4D5CD68}.Release|Any CPU.ActiveCfg = Release|Any CPU
		{29B991EF-9D7D-4BE4-BC59-6928D4D5CD68}.Release|Any CPU.Build.0 = Release|Any CPU
		{DE7F9F79-A76D-478E-A888-66FB6ABCC643}.Debug|Any CPU.ActiveCfg = Debug|Any CPU
		{DE7F9F79-A76D-478E-A888-66FB6ABCC643}.Debug|Any CPU.Build.0 = Debug|Any CPU
		{DE7F9F79-A76D-478E-A888-66FB6ABCC643}.Release|Any CPU.ActiveCfg = Release|Any CPU
		{DE7F9F79-A76D-478E-A888-66FB6ABCC643}.Release|Any CPU.Build.0 = Release|Any CPU
	EndGlobalSection
	GlobalSection(SolutionProperties) = preSolution
		HideSolutionNode = FALSE
	EndGlobalSection
EndGlobal
